
Microsoft Visual Studio Solution File, Format Version 12.00
# Visual Studio Version 16
VisualStudioVersion = 16.0.29521.150
MinimumVisualStudioVersion = 10.0.40219.1
Project("{FAE04EC0-301F-11D3-BF4B-00C04F79EFBC}") = "BlazorMaterialIcons", "src\BlazorMaterialIcons\BlazorMaterialIcons.csproj", "{483BFC70-5587-4112-B57F-C77C10D169FB}"
EndProject
Project("{FAE04EC0-301F-11D3-BF4B-00C04F79EFBC}") = "BlazorMaterialIcons.Demo.ServerApp", "src\BlazorMaterialIcons.Demo.ServerApp\BlazorMaterialIcons.Demo.ServerApp.csproj", "{0260F3D4-11BD-4418-8FA0-03429DEE8E25}"
EndProject
Global
	GlobalSection(SolutionConfigurationPlatforms) = preSolution
		Debug|Any CPU = Debug|Any CPU
		Release|Any CPU = Release|Any CPU
	EndGlobalSection
	GlobalSection(ProjectConfigurationPlatforms) = postSolution
		{483BFC70-5587-4112-B57F-C77C10D169FB}.Debug|Any CPU.ActiveCfg = Debug|Any CPU
		{483BFC70-5587-4112-B57F-C77C10D169FB}.Debug|Any CPU.Build.0 = Debug|Any CPU
		{483BFC70-5587-4112-B57F-C77C10D169FB}.Release|Any CPU.ActiveCfg = Release|Any CPU
		{483BFC70-5587-4112-B57F-C77C10D169FB}.Release|Any CPU.Build.0 = Release|Any CPU
		{0260F3D4-11BD-4418-8FA0-03429DEE8E25}.Debug|Any CPU.ActiveCfg = Debug|Any CPU
		{0260F3D4-11BD-4418-8FA0-03429DEE8E25}.Debug|Any CPU.Build.0 = Debug|Any CPU
		{0260F3D4-11BD-4418-8FA0-03429DEE8E25}.Release|Any CPU.ActiveCfg = Release|Any CPU
		{0260F3D4-11BD-4418-8FA0-03429DEE8E25}.Release|Any CPU.Build.0 = Release|Any CPU
	EndGlobalSection
	GlobalSection(SolutionProperties) = preSolution
		HideSolutionNode = FALSE
	EndGlobalSection
	GlobalSection(ExtensibilityGlobals) = postSolution
		SolutionGuid = {8D4C8FF8-807F-4B41-B752-2F6CB2D642E9}
	EndGlobalSection
EndGlobal
